lockfileVersion: '9.0'

settings:
  autoInstallPeers: true
  excludeLinksFromLockfile: false

importers:

  .:
    dependencies:
      '@ai-sdk/anthropic':
        specifier: ^2.0.43
        version: 2.0.43(zod@4.1.12)
      '@ai-sdk/google':
        specifier: ^2.0.30
        version: 2.0.30(zod@4.1.12)
      '@ai-sdk/openai':
        specifier: ^2.0.64
        version: 2.0.64(zod@4.1.12)
      '@phosphor-icons/web':
        specifier: ^2.1.2
        version: 2.1.2
      '@tauri-apps/plugin-notification':
        specifier: ~2.3.3
        version: 2.3.3
      '@tauri-apps/plugin-shell':
        specifier: ~2.3.3
        version: 2.3.3
      ai:
        specifier: ^5.0.90
        version: 5.0.90(zod@4.1.12)
      apexcharts:
        specifier: ^5.3.6
        version: 5.3.6
      escape-html:
        specifier: ^1.0.3
        version: 1.0.3
      fuse.js:
        specifier: ^7.1.0
        version: 7.1.0
      highlight.js:
        specifier: ^11.11.1
        version: 11.11.1
      html2canvas:
        specifier: ^1.4.1
        version: 1.4.1
      humanize-duration:
        specifier: ^3.33.1
        version: 3.33.1
      lit-html:
        specifier: ^3.3.1
        version: 3.3.1
      pretty-bytes:
        specifier: ^7.1.0
        version: 7.1.0
      print-js:
        specifier: ^1.6.0
        version: 1.6.0
      sortablejs:
        specifier: ^1.15.6
        version: 1.15.6
      store2:
        specifier: ^2.14.4
        version: 2.14.4
      tone:
        specifier: ^15.1.22
        version: 15.1.22
      validator:
        specifier: ^13.15.22
        version: 13.15.22
      zod:
        specifier: ^4.1.12
        version: 4.1.12
    devDependencies:
      '@tauri-apps/api':
        specifier: ^2.9.0
        version: 2.9.0
      '@tauri-apps/cli':
        specifier: ^2.9.4
        version: 2.9.4
      '@tauri-apps/plugin-dialog':
        specifier: ^2.4.2
        version: 2.4.2
      vite:
        specifier: ^7.2.2
        version: 7.2.2

packages:

  '@ai-sdk/anthropic@2.0.43':
    resolution: {integrity: sha512-YQWYdoU6X1E16BS/KYCkage18q8sqj3FguCZ/RQs/wxS1551DVeD5DrWiYXxm5T293HzeAVJssQFEx67kc4LmA==}
    engines: {node: '>=18'}
    peerDependencies:
      zod: ^3.25.76 || ^4.1.8

  '@ai-sdk/gateway@2.0.7':
    resolution: {integrity: sha512-/AI5AKi4vOK9SEb8Z1dfXkhsJ5NAfWsoJQc96B/mzn2KIrjw5occOjIwD06scuhV9xWlghCoXJT1sQD9QH/tyg==}
    engines: {node: '>=18'}
    peerDependencies:
      zod: ^3.25.76 || ^4.1.8

  '@ai-sdk/google@2.0.30':
    resolution: {integrity: sha512-ipwFgP7NLpGhq/qUrmnb+rZzG5VftU4tDzZq+vLp4L8xtgMeQlG3CLF7BBU8ioV6I9EL84CbSEbzWkLQ/6TxuQ==}
    engines: {node: '>=18'}
    peerDependencies:
      zod: ^3.25.76 || ^4.1.8

  '@ai-sdk/openai@2.0.64':
    resolution: {integrity: sha512-+1mqxn42uB32DPZ6kurSyGAmL3MgCaDpkYU7zNDWI4NLy3Zg97RxTsI1jBCGIqkEVvRZKJlIMYtb89OvMnq3AQ==}
    engines: {node: '>=18'}
    peerDependencies:
      zod: ^3.25.76 || ^4.1.8

  '@ai-sdk/provider-utils@3.0.16':
    resolution: {integrity: sha512-lsWQY9aDXHitw7C1QRYIbVGmgwyT98TF3MfM8alNIXKpdJdi+W782Rzd9f1RyOfgRmZ08gJ2EYNDhWNK7RqpEA==}
    engines: {node: '>=18'}
    peerDependencies:
      zod: ^3.25.76 || ^4.1.8

  '@ai-sdk/provider@2.0.0':
    resolution: {integrity: sha512-6o7Y2SeO9vFKB8lArHXehNuusnpddKPk7xqL7T2/b+OvXMRIXUO1rR4wcv1hAFUAT9avGZshty3Wlua/XA7TvA==}
    engines: {node: '>=18'}

  '@babel/runtime@7.28.4':
    resolution: {integrity: sha512-Q/N6JNWvIvPnLDvjlE1OUBLPQHH6l3CltCEsHIujp45zQUSSh8K+gHnaEX45yAT1nyngnINhvWtzN+Nb9D8RAQ==}
    engines: {node: '>=6.9.0'}

  '@esbuild/aix-ppc64@0.25.12':
    resolution: {integrity: sha512-Hhmwd6CInZ3dwpuGTF8fJG6yoWmsToE+vYgD4nytZVxcu1ulHpUQRAB1UJ8+N1Am3Mz4+xOByoQoSZf4D+CpkA==}
    engines: {node: '>=18'}
    cpu: [ppc64]
    os: [aix]

  '@esbuild/android-arm64@0.25.12':
    resolution: {integrity: sha512-6AAmLG7zwD1Z159jCKPvAxZd4y/VTO0VkprYy+3N2FtJ8+BQWFXU+OxARIwA46c5tdD9SsKGZ/1ocqBS/gAKHg==}
    engines: {node: '>=18'}
    cpu: [arm64]
    os: [android]

  '@esbuild/android-arm@0.25.12':
    resolution: {integrity: sha512-VJ+sKvNA/GE7Ccacc9Cha7bpS8nyzVv0jdVgwNDaR4gDMC/2TTRc33Ip8qrNYUcpkOHUT5OZ0bUcNNVZQ9RLlg==}
    engines: {node: '>=18'}
    cpu: [arm]
    os: [android]

  '@esbuild/android-x64@0.25.12':
    resolution: {integrity: sha512-5jbb+2hhDHx5phYR2By8GTWEzn6I9UqR11Kwf22iKbNpYrsmRB18aX/9ivc5cabcUiAT/wM+YIZ6SG9QO6a8kg==}
    engines: {node: '>=18'}
    cpu: [x64]
    os: [android]

  '@esbuild/darwin-arm64@0.25.12':
    resolution: {integrity: sha512-N3zl+lxHCifgIlcMUP5016ESkeQjLj/959RxxNYIthIg+CQHInujFuXeWbWMgnTo4cp5XVHqFPmpyu9J65C1Yg==}
    engines: {node: '>=18'}
    cpu: [arm64]
    os: [darwin]

  '@esbuild/darwin-x64@0.25.12':
    resolution: {integrity: sha512-HQ9ka4Kx21qHXwtlTUVbKJOAnmG1ipXhdWTmNXiPzPfWKpXqASVcWdnf2bnL73wgjNrFXAa3yYvBSd9pzfEIpA==}
    engines: {node: '>=18'}
    cpu: [x64]
    os: [darwin]

  '@esbuild/freebsd-arm64@0.25.12':
    resolution: {integrity: sha512-gA0Bx759+7Jve03K1S0vkOu5Lg/85dou3EseOGUes8flVOGxbhDDh/iZaoek11Y8mtyKPGF3vP8XhnkDEAmzeg==}
    engines: {node: '>=18'}
    cpu: [arm64]
    os: [freebsd]

  '@esbuild/freebsd-x64@0.25.12':
    resolution: {integrity: sha512-TGbO26Yw2xsHzxtbVFGEXBFH0FRAP7gtcPE7P5yP7wGy7cXK2oO7RyOhL5NLiqTlBh47XhmIUXuGciXEqYFfBQ==}
    engines: {node: '>=18'}
    cpu: [x64]
    os: [freebsd]

  '@esbuild/linux-arm64@0.25.12':
    resolution: {integrity: sha512-8bwX7a8FghIgrupcxb4aUmYDLp8pX06rGh5HqDT7bB+8Rdells6mHvrFHHW2JAOPZUbnjUpKTLg6ECyzvas2AQ==}
    engines: {node: '>=18'}
    cpu: [arm64]
    os: [linux]

  '@esbuild/linux-arm@0.25.12':
    resolution: {integrity: sha512-lPDGyC1JPDou8kGcywY0YILzWlhhnRjdof3UlcoqYmS9El818LLfJJc3PXXgZHrHCAKs/Z2SeZtDJr5MrkxtOw==}
    engines: {node: '>=18'}
    cpu: [arm]
    os: [linux]

  '@esbuild/linux-ia32@0.25.12':
    resolution: {integrity: sha512-0y9KrdVnbMM2/vG8KfU0byhUN+EFCny9+8g202gYqSSVMonbsCfLjUO+rCci7pM0WBEtz+oK/PIwHkzxkyharA==}
    engines: {node: '>=18'}
    cpu: [ia32]
    os: [linux]

  '@esbuild/linux-loong64@0.25.12':
    resolution: {integrity: sha512-h///Lr5a9rib/v1GGqXVGzjL4TMvVTv+s1DPoxQdz7l/AYv6LDSxdIwzxkrPW438oUXiDtwM10o9PmwS/6Z0Ng==}
    engines: {node: '>=18'}
    cpu: [loong64]
    os: [linux]

  '@esbuild/linux-mips64el@0.25.12':
    resolution: {integrity: sha512-iyRrM1Pzy9GFMDLsXn1iHUm18nhKnNMWscjmp4+hpafcZjrr2WbT//d20xaGljXDBYHqRcl8HnxbX6uaA/eGVw==}
    engines: {node: '>=18'}
    cpu: [mips64el]
    os: [linux]

  '@esbuild/linux-ppc64@0.25.12':
    resolution: {integrity: sha512-9meM/lRXxMi5PSUqEXRCtVjEZBGwB7P/D4yT8UG/mwIdze2aV4Vo6U5gD3+RsoHXKkHCfSxZKzmDssVlRj1QQA==}
    engines: {node: '>=18'}
    cpu: [ppc64]
    os: [linux]

  '@esbuild/linux-riscv64@0.25.12':
    resolution: {integrity: sha512-Zr7KR4hgKUpWAwb1f3o5ygT04MzqVrGEGXGLnj15YQDJErYu/BGg+wmFlIDOdJp0PmB0lLvxFIOXZgFRrdjR0w==}
    engines: {node: '>=18'}
    cpu: [riscv64]
    os: [linux]

  '@esbuild/linux-s390x@0.25.12':
    resolution: {integrity: sha512-MsKncOcgTNvdtiISc/jZs/Zf8d0cl/t3gYWX8J9ubBnVOwlk65UIEEvgBORTiljloIWnBzLs4qhzPkJcitIzIg==}
    engines: {node: '>=18'}
    cpu: [s390x]
    os: [linux]

  '@esbuild/linux-x64@0.25.12':
    resolution: {integrity: sha512-uqZMTLr/zR/ed4jIGnwSLkaHmPjOjJvnm6TVVitAa08SLS9Z0VM8wIRx7gWbJB5/J54YuIMInDquWyYvQLZkgw==}
    engines: {node: '>=18'}
    cpu: [x64]
    os: [linux]

  '@esbuild/netbsd-arm64@0.25.12':
    resolution: {integrity: sha512-xXwcTq4GhRM7J9A8Gv5boanHhRa/Q9KLVmcyXHCTaM4wKfIpWkdXiMog/KsnxzJ0A1+nD+zoecuzqPmCRyBGjg==}
    engines: {node: '>=18'}
    cpu: [arm64]
    os: [netbsd]

  '@esbuild/netbsd-x64@0.25.12':
    resolution: {integrity: sha512-Ld5pTlzPy3YwGec4OuHh1aCVCRvOXdH8DgRjfDy/oumVovmuSzWfnSJg+VtakB9Cm0gxNO9BzWkj6mtO1FMXkQ==}
    engines: {node: '>=18'}
    cpu: [x64]
    os: [netbsd]

  '@esbuild/openbsd-arm64@0.25.12':
    resolution: {integrity: sha512-fF96T6KsBo/pkQI950FARU9apGNTSlZGsv1jZBAlcLL1MLjLNIWPBkj5NlSz8aAzYKg+eNqknrUJ24QBybeR5A==}
    engines: {node: '>=18'}
    cpu: [arm64]
    os: [openbsd]

  '@esbuild/openbsd-x64@0.25.12':
    resolution: {integrity: sha512-MZyXUkZHjQxUvzK7rN8DJ3SRmrVrke8ZyRusHlP+kuwqTcfWLyqMOE3sScPPyeIXN/mDJIfGXvcMqCgYKekoQw==}
    engines: {node: '>=18'}
    cpu: [x64]
    os: [openbsd]

  '@esbuild/openharmony-arm64@0.25.12':
    resolution: {integrity: sha512-rm0YWsqUSRrjncSXGA7Zv78Nbnw4XL6/dzr20cyrQf7ZmRcsovpcRBdhD43Nuk3y7XIoW2OxMVvwuRvk9XdASg==}
    engines: {node: '>=18'}
    cpu: [arm64]
    os: [openharmony]

  '@esbuild/sunos-x64@0.25.12':
    resolution: {integrity: sha512-3wGSCDyuTHQUzt0nV7bocDy72r2lI33QL3gkDNGkod22EsYl04sMf0qLb8luNKTOmgF/eDEDP5BFNwoBKH441w==}
    engines: {node: '>=18'}
    cpu: [x64]
    os: [sunos]

  '@esbuild/win32-arm64@0.25.12':
    resolution: {integrity: sha512-rMmLrur64A7+DKlnSuwqUdRKyd3UE7oPJZmnljqEptesKM8wx9J8gx5u0+9Pq0fQQW8vqeKebwNXdfOyP+8Bsg==}
    engines: {node: '>=18'}
    cpu: [arm64]
    os: [win32]

  '@esbuild/win32-ia32@0.25.12':
    resolution: {integrity: sha512-HkqnmmBoCbCwxUKKNPBixiWDGCpQGVsrQfJoVGYLPT41XWF8lHuE5N6WhVia2n4o5QK5M4tYr21827fNhi4byQ==}
    engines: {node: '>=18'}
    cpu: [ia32]
    os: [win32]

  '@esbuild/win32-x64@0.25.12':
    resolution: {integrity: sha512-alJC0uCZpTFrSL0CCDjcgleBXPnCrEAhTBILpeAp7M/OFgoqtAetfBzX0xM00MUsVVPpVjlPuMbREqnZCXaTnA==}
    engines: {node: '>=18'}
    cpu: [x64]
    os: [win32]

  '@opentelemetry/api@1.9.0':
    resolution: {integrity: sha512-3giAOQvZiH5F9bMlMiv8+GSPMeqg0dbaeo58/0SlA9sxSqZhnUtxzX9/2FzyhS9sWQf5S0GJE0AKBrFqjpeYcg==}
    engines: {node: '>=8.0.0'}

  '@phosphor-icons/web@2.1.2':
    resolution: {integrity: sha512-rPAR9o/bEcp4Cw4DEeZHXf+nlGCMNGkNDRizYHM47NLxz9vvEHp/Tt6FMK1NcWadzw/pFDPnRBGi/ofRya958A==}

  '@rollup/rollup-android-arm-eabi@4.53.1':
    resolution: {integrity: sha512-bxZtughE4VNVJlL1RdoSE545kc4JxL7op57KKoi59/gwuU5rV6jLWFXXc8jwgFoT6vtj+ZjO+Z2C5nrY0Cl6wA==}
    cpu: [arm]
    os: [android]

  '@rollup/rollup-android-arm64@4.53.1':
    resolution: {integrity: sha512-44a1hreb02cAAfAKmZfXVercPFaDjqXCK+iKeVOlJ9ltvnO6QqsBHgKVPTu+MJHSLLeMEUbeG2qiDYgbFPU48g==}
    cpu: [arm64]
    os: [android]

  '@rollup/rollup-darwin-arm64@4.53.1':
    resolution: {integrity: sha512-usmzIgD0rf1syoOZ2WZvy8YpXK5G1V3btm3QZddoGSa6mOgfXWkkv+642bfUUldomgrbiLQGrPryb7DXLovPWQ==}
    cpu: [arm64]
    os: [darwin]

  '@rollup/rollup-darwin-x64@4.53.1':
    resolution: {integrity: sha512-is3r/k4vig2Gt8mKtTlzzyaSQ+hd87kDxiN3uDSDwggJLUV56Umli6OoL+/YZa/KvtdrdyNfMKHzL/P4siOOmg==}
    cpu: [x64]
    os: [darwin]

  '@rollup/rollup-freebsd-arm64@4.53.1':
    resolution: {integrity: sha512-QJ1ksgp/bDJkZB4daldVmHaEQkG4r8PUXitCOC2WRmRaSaHx5RwPoI3DHVfXKwDkB+Sk6auFI/+JHacTekPRSw==}
    cpu: [arm64]
    os: [freebsd]

  '@rollup/rollup-freebsd-x64@4.53.1':
    resolution: {integrity: sha512-J6ma5xgAzvqsnU6a0+jgGX/gvoGokqpkx6zY4cWizRrm0ffhHDpJKQgC8dtDb3+MqfZDIqs64REbfHDMzxLMqQ==}
    cpu: [x64]
    os: [freebsd]

  '@rollup/rollup-linux-arm-gnueabihf@4.53.1':
    resolution: {integrity: sha512-JzWRR41o2U3/KMNKRuZNsDUAcAVUYhsPuMlx5RUldw0E4lvSIXFUwejtYz1HJXohUmqs/M6BBJAUBzKXZVddbg==}
    cpu: [arm]
    os: [linux]

  '@rollup/rollup-linux-arm-musleabihf@4.53.1':
    resolution: {integrity: sha512-L8kRIrnfMrEoHLHtHn+4uYA52fiLDEDyezgxZtGUTiII/yb04Krq+vk3P2Try+Vya9LeCE9ZHU8CXD6J9EhzHQ==}
    cpu: [arm]
    os: [linux]

  '@rollup/rollup-linux-arm64-gnu@4.53.1':
    resolution: {integrity: sha512-ysAc0MFRV+WtQ8li8hi3EoFi7us6d1UzaS/+Dp7FYZfg3NdDljGMoVyiIp6Ucz7uhlYDBZ/zt6XI0YEZbUO11Q==}
    cpu: [arm64]
    os: [linux]

  '@rollup/rollup-linux-arm64-musl@4.53.1':
    resolution: {integrity: sha512-UV6l9MJpDbDZZ/fJvqNcvO1PcivGEf1AvKuTcHoLjVZVFeAMygnamCTDikCVMRnA+qJe+B3pSbgX2+lBMqgBhA==}
    cpu: [arm64]
    os: [linux]

  '@rollup/rollup-linux-loong64-gnu@4.53.1':
    resolution: {integrity: sha512-UDUtelEprkA85g95Q+nj3Xf0M4hHa4DiJ+3P3h4BuGliY4NReYYqwlc0Y8ICLjN4+uIgCEvaygYlpf0hUj90Yg==}
    cpu: [loong64]
    os: [linux]

  '@rollup/rollup-linux-ppc64-gnu@4.53.1':
    resolution: {integrity: sha512-vrRn+BYhEtNOte/zbc2wAUQReJXxEx2URfTol6OEfY2zFEUK92pkFBSXRylDM7aHi+YqEPJt9/ABYzmcrS4SgQ==}
    cpu: [ppc64]
    os: [linux]

  '@rollup/rollup-linux-riscv64-gnu@4.53.1':
    resolution: {integrity: sha512-gto/1CxHyi4A7YqZZNznQYrVlPSaodOBPKM+6xcDSCMVZN/Fzb4K+AIkNz/1yAYz9h3Ng+e2fY9H6bgawVq17w==}
    cpu: [riscv64]
    os: [linux]

  '@rollup/rollup-linux-riscv64-musl@4.53.1':
    resolution: {integrity: sha512-KZ6Vx7jAw3aLNjFR8eYVcQVdFa/cvBzDNRFM3z7XhNNunWjA03eUrEwJYPk0G8V7Gs08IThFKcAPS4WY/ybIrQ==}
    cpu: [riscv64]
    os: [linux]

  '@rollup/rollup-linux-s390x-gnu@4.53.1':
    resolution: {integrity: sha512-HvEixy2s/rWNgpwyKpXJcHmE7om1M89hxBTBi9Fs6zVuLU4gOrEMQNbNsN/tBVIMbLyysz/iwNiGtMOpLAOlvA==}
    cpu: [s390x]
    os: [linux]

  '@rollup/rollup-linux-x64-gnu@4.53.1':
    resolution: {integrity: sha512-E/n8x2MSjAQgjj9IixO4UeEUeqXLtiA7pyoXCFYLuXpBA/t2hnbIdxHfA7kK9BFsYAoNU4st1rHYdldl8dTqGA==}
    cpu: [x64]
    os: [linux]

  '@rollup/rollup-linux-x64-musl@4.53.1':
    resolution: {integrity: sha512-IhJ087PbLOQXCN6Ui/3FUkI9pWNZe/Z7rEIVOzMsOs1/HSAECCvSZ7PkIbkNqL/AZn6WbZvnoVZw/qwqYMo4/w==}
    cpu: [x64]
    os: [linux]

  '@rollup/rollup-openharmony-arm64@4.53.1':
    resolution: {integrity: sha512-0++oPNgLJHBblreu0SFM7b3mAsBJBTY0Ksrmu9N6ZVrPiTkRgda52mWR7TKhHAsUb9noCjFvAw9l6ZO1yzaVbA==}
    cpu: [arm64]
    os: [openharmony]

  '@rollup/rollup-win32-arm64-msvc@4.53.1':
    resolution: {integrity: sha512-VJXivz61c5uVdbmitLkDlbcTk9Or43YC2QVLRkqp86QoeFSqI81bNgjhttqhKNMKnQMWnecOCm7lZz4s+WLGpQ==}
    cpu: [arm64]
    os: [win32]

  '@rollup/rollup-win32-ia32-msvc@4.53.1':
    resolution: {integrity: sha512-NmZPVTUOitCXUH6erJDzTQ/jotYw4CnkMDjCYRxNHVD9bNyfrGoIse684F9okwzKCV4AIHRbUkeTBc9F2OOH5Q==}
    cpu: [ia32]
    os: [win32]

  '@rollup/rollup-win32-x64-gnu@4.53.1':
    resolution: {integrity: sha512-2SNj7COIdAf6yliSpLdLG8BEsp5lgzRehgfkP0Av8zKfQFKku6JcvbobvHASPJu4f3BFxej5g+HuQPvqPhHvpQ==}
    cpu: [x64]
    os: [win32]

  '@rollup/rollup-win32-x64-msvc@4.53.1':
    resolution: {integrity: sha512-rLarc1Ofcs3DHtgSzFO31pZsCh8g05R2azN1q3fF+H423Co87My0R+tazOEvYVKXSLh8C4LerMK41/K7wlklcg==}
    cpu: [x64]
    os: [win32]

  '@standard-schema/spec@1.0.0':
    resolution: {integrity: sha512-m2bOd0f2RT9k8QJx1JN85cZYyH1RqFBdlwtkSlf4tBDYLCiiZnv1fIIwacK6cqwXavOydf0NPToMQgpKq+dVlA==}

  '@svgdotjs/svg.draggable.js@3.0.6':
    resolution: {integrity: sha512-7iJFm9lL3C40HQcqzEfezK2l+dW2CpoVY3b77KQGqc8GXWa6LhhmX5Ckv7alQfUXBuZbjpICZ+Dvq1czlGx7gA==}
    peerDependencies:
      '@svgdotjs/svg.js': ^3.2.4

  '@svgdotjs/svg.filter.js@3.0.9':
    resolution: {integrity: sha512-/69XMRCDoam2HgC4ldHIaDgeQf1ViHIsa0Ld4uWgiXtZ+E24DWHe/9Ib6kbNiZ7WRIdlVokUDR1Fg0kjIpkfbw==}
    engines: {node: '>= 0.8.0'}

  '@svgdotjs/svg.js@3.2.5':
    resolution: {integrity: sha512-/VNHWYhNu+BS7ktbYoVGrCmsXDh+chFMaONMwGNdIBcFHrWqk2jY8fNyr3DLdtQUIalvkPfM554ZSFa3dm3nxQ==}

  '@svgdotjs/svg.resize.js@2.0.5':
    resolution: {integrity: sha512-4heRW4B1QrJeENfi7326lUPYBCevj78FJs8kfeDxn5st0IYPIRXoTtOSYvTzFWgaWWXd3YCDE6ao4fmv91RthA==}
    engines: {node: '>= 14.18'}
    peerDependencies:
      '@svgdotjs/svg.js': ^3.2.4
      '@svgdotjs/svg.select.js': ^4.0.1

  '@svgdotjs/svg.select.js@4.0.3':
    resolution: {integrity: sha512-qkMgso1sd2hXKd1FZ1weO7ANq12sNmQJeGDjs46QwDVsxSRcHmvWKL2NDF7Yimpwf3sl5esOLkPqtV2bQ3v/Jg==}
    engines: {node: '>= 14.18'}
    peerDependencies:
      '@svgdotjs/svg.js': ^3.2.4

  '@tauri-apps/api@2.9.0':
    resolution: {integrity: sha512-qD5tMjh7utwBk9/5PrTA/aGr3i5QaJ/Mlt7p8NilQ45WgbifUNPyKWsA63iQ8YfQq6R8ajMapU+/Q8nMcPRLNw==}

  '@tauri-apps/cli-darwin-arm64@2.9.4':
    resolution: {integrity: sha512-9rHkMVtbMhe0AliVbrGpzMahOBg3rwV46JYRELxR9SN6iu1dvPOaMaiC4cP6M/aD1424ziXnnMdYU06RAH8oIw==}
    engines: {node: '>= 10'}
    cpu: [arm64]
    os: [darwin]

  '@tauri-apps/cli-darwin-x64@2.9.4':
    resolution: {integrity: sha512-VT9ymNuT06f5TLjCZW2hfSxbVtZDhORk7CDUDYiq5TiSYQdxkl8MVBy0CCFFcOk4QAkUmqmVUA9r3YZ/N/vPRQ==}
    engines: {node: '>= 10'}
    cpu: [x64]
    os: [darwin]

  '@tauri-apps/cli-linux-arm-gnueabihf@2.9.4':
    resolution: {integrity: sha512-tTWkEPig+2z3Rk0zqZYfjUYcgD+aSm72wdrIhdYobxbQZOBw0zfn50YtWv+av7bm0SHvv75f0l7JuwgZM1HFow==}
    engines: {node: '>= 10'}
    cpu: [arm]
    os: [linux]

  '@tauri-apps/cli-linux-arm64-gnu@2.9.4':
    resolution: {integrity: sha512-ql6vJ611qoqRYHxkKPnb2vHa27U+YRKRmIpLMMBeZnfFtZ938eao7402AQCH1mO2+/8ioUhbpy9R/ZcLTXVmkg==}
    engines: {node: '>= 10'}
    cpu: [arm64]
    os: [linux]

  '@tauri-apps/cli-linux-arm64-musl@2.9.4':
    resolution: {integrity: sha512-vg7yNn7ICTi6hRrcA/6ff2UpZQP7un3xe3SEld5QM0prgridbKAiXGaCKr3BnUBx/rGXegQlD/wiLcWdiiraSw==}
    engines: {node: '>= 10'}
    cpu: [arm64]
    os: [linux]

  '@tauri-apps/cli-linux-riscv64-gnu@2.9.4':
    resolution: {integrity: sha512-l8L+3VxNk6yv5T/Z/gv5ysngmIpsai40B9p6NQQyqYqxImqYX37pqREoEBl1YwG7szGnDibpWhidPrWKR59OJA==}
    engines: {node: '>= 10'}
    cpu: [riscv64]
    os: [linux]

  '@tauri-apps/cli-linux-x64-gnu@2.9.4':
    resolution: {integrity: sha512-PepPhCXc/xVvE3foykNho46OmCyx47E/aG676vKTVp+mqin5d+IBqDL6wDKiGNT5OTTxKEyNlCQ81Xs2BQhhqA==}
    engines: {node: '>= 10'}
    cpu: [x64]
    os: [linux]

  '@tauri-apps/cli-linux-x64-musl@2.9.4':
    resolution: {integrity: sha512-zcd1QVffh5tZs1u1SCKUV/V7RRynebgYUNWHuV0FsIF1MjnULUChEXhAhug7usCDq4GZReMJOoXa6rukEozWIw==}
    engines: {node: '>= 10'}
    cpu: [x64]
    os: [linux]

  '@tauri-apps/cli-win32-arm64-msvc@2.9.4':
    resolution: {integrity: sha512-/7ZhnP6PY04bEob23q8MH/EoDISdmR1wuNm0k9d5HV7TDMd2GGCDa8dPXA4vJuglJKXIfXqxFmZ4L+J+MO42+w==}
    engines: {node: '>= 10'}
    cpu: [arm64]
    os: [win32]

  '@tauri-apps/cli-win32-ia32-msvc@2.9.4':
    resolution: {integrity: sha512-1LmAfaC4Cq+3O1Ir1ksdhczhdtFSTIV51tbAGtbV/mr348O+M52A/xwCCXQank0OcdBxy5BctqkMtuZnQvA8uQ==}
    engines: {node: '>= 10'}
    cpu: [ia32]
    os: [win32]

  '@tauri-apps/cli-win32-x64-msvc@2.9.4':
    resolution: {integrity: sha512-EdYd4c9wGvtPB95kqtEyY+bUR+k4kRw3IA30mAQ1jPH6z57AftT8q84qwv0RDp6kkEqOBKxeInKfqi4BESYuqg==}
    engines: {node: '>= 10'}
    cpu: [x64]
    os: [win32]

  '@tauri-apps/cli@2.9.4':
    resolution: {integrity: sha512-pvylWC9QckrOS9ATWXIXcgu7g2hKK5xTL5ZQyZU/U0n9l88SEFGcWgLQNa8WZmd+wWIOWhkxOFcOl3i6ubDNNw==}
    engines: {node: '>= 10'}
    hasBin: true

  '@tauri-apps/plugin-dialog@2.4.2':
    resolution: {integrity: sha512-lNIn5CZuw8WZOn8zHzmFmDSzg5zfohWoa3mdULP0YFh/VogVdMVWZPcWSHlydsiJhRQYaTNSYKN7RmZKE2lCYQ==}

  '@tauri-apps/plugin-notification@2.3.3':
    resolution: {integrity: sha512-Zw+ZH18RJb41G4NrfHgIuofJiymusqN+q8fGUIIV7vyCH+5sSn5coqRv/MWB9qETsUs97vmU045q7OyseCV3Qg==}

  '@tauri-apps/plugin-shell@2.3.3':
    resolution: {integrity: sha512-Xod+pRcFxmOWFWEnqH5yZcA7qwAMuaaDkMR1Sply+F8VfBj++CGnj2xf5UoialmjZ2Cvd8qrvSCbU+7GgNVsKQ==}

  '@types/estree@1.0.8':
    resolution: {integrity: sha512-dWHzHa2WqEXI/O1E9OjrocMTKJl2mSrEolh1Iomrv6U+JuNwaHXsXx9bLu5gG7BUWFIN0skIQJQ/L1rIex4X6w==}

  '@types/trusted-types@2.0.7':
    resolution: {integrity: sha512-ScaPdn1dQczgbl0QFTeTOmVHFULt394XJgOQNoyVhZ6r2vLnMLJfBPd53SB52T/3G36VI1/g2MZaX0cwDuXsfw==}

  '@vercel/oidc@3.0.3':
    resolution: {integrity: sha512-yNEQvPcVrK9sIe637+I0jD6leluPxzwJKx/Haw6F4H77CdDsszUn5V3o96LPziXkSNE2B83+Z3mjqGKBK/R6Gg==}
    engines: {node: '>= 20'}

  '@yr/monotone-cubic-spline@1.0.3':
    resolution: {integrity: sha512-FQXkOta0XBSUPHndIKON2Y9JeQz5ZeMqLYZVVK93FliNBFm7LNMIZmY6FrMEB9XPcDbE2bekMbZD6kzDkxwYjA==}

  ai@5.0.90:
    resolution: {integrity: sha512-bawNN10N2cXzFedbDdNUZo8KkcGp12VX1b+mCL5dfllh6WmLsIYYME7GVxsRJvHvPP7xRhuds5fn0jtLyxGnZw==}
    engines: {node: '>=18'}
    peerDependencies:
      zod: ^3.25.76 || ^4.1.8

  apexcharts@5.3.6:
    resolution: {integrity: sha512-sVEPw+J0Gp0IHQabKu8cfdsxlfME0e36Wid7RIaPclGM2OUt+O7O4+6mfAmTUYhy5bDk8cNHzEhPfVtLCIXEJA==}

  automation-events@7.1.13:
    resolution: {integrity: sha512-1Hay5TQPzxsskSqPTH3YXyzE9Iirz82zZDse2vr3+kOR7Sc7om17qIEPsESchlNX0EgKxANwR40i2g/O3GM1Tw==}
    engines: {node: '>=18.2.0'}

  base64-arraybuffer@1.0.2:
    resolution: {integrity: sha512-I3yl4r9QB5ZRY3XuJVEPfc2XhZO6YweFPI+UovAzn+8/hb3oJ6lnysaFcjVpkCPfVWFUDvoZ8kmVDP7WyRtYtQ==}
    engines: {node: '>= 0.6.0'}

  css-line-break@2.1.0:
    resolution: {integrity: sha512-FHcKFCZcAha3LwfVBhCQbW2nCNbkZXn7KVUJcsT5/P8YmfsVja0FMPJr0B903j/E69HUphKiV9iQArX8SDYA4w==}

  esbuild@0.25.12:
    resolution: {integrity: sha512-bbPBYYrtZbkt6Os6FiTLCTFxvq4tt3JKall1vRwshA3fdVztsLAatFaZobhkBC8/BrPetoa0oksYoKXoG4ryJg==}
    engines: {node: '>=18'}
    hasBin: true

  escape-html@1.0.3:
    resolution: {integrity: sha512-NiSupZ4OeuGwr68lGIeym/ksIZMJodUGOSCZ/FSnTxcrekbvqrgdUxlJOMpijaKZVjAJrWrGs/6Jy8OMuyj9ow==}

  eventsource-parser@3.0.6:
    resolution: {integrity: sha512-Vo1ab+QXPzZ4tCa8SwIHJFaSzy4R6SHf7BY79rFBDf0idraZWAkYrDjDj8uWaSm3S2TK+hJ7/t1CEmZ7jXw+pg==}
    engines: {node: '>=18.0.0'}

  fdir@6.5.0:
    resolution: {integrity: sha512-tIbYtZbucOs0BRGqPJkshJUYdL+SDH7dVM8gjy+ERp3WAUjLEFJE+02kanyHtwjWOnwrKYBiwAmM0p4kLJAnXg==}
    engines: {node: '>=12.0.0'}
    peerDependencies:
      picomatch: ^3 || ^4
    peerDependenciesMeta:
      picomatch:
        optional: true

  fsevents@2.3.3:
    resolution: {integrity: sha512-5xoDfX+fL7faATnagmWPpbFtwh/R77WmMMqqHGS65C3vvB0YHrgF+B1YmZ3441tMj5n63k0212XNoJwzlhffQw==}
    engines: {node: ^8.16.0 || ^10.6.0 || >=11.0.0}
    os: [darwin]

  fuse.js@7.1.0:
    resolution: {integrity: sha512-trLf4SzuuUxfusZADLINj+dE8clK1frKdmqiJNb1Es75fmI5oY6X2mxLVUciLLjxqw/xr72Dhy+lER6dGd02FQ==}
    engines: {node: '>=10'}

  highlight.js@11.11.1:
    resolution: {integrity: sha512-Xwwo44whKBVCYoliBQwaPvtd/2tYFkRQtXDWj1nackaV2JPXx3L0+Jvd8/qCJ2p+ML0/XVkJ2q+Mr+UVdpJK5w==}
    engines: {node: '>=12.0.0'}

  html2canvas@1.4.1:
    resolution: {integrity: sha512-fPU6BHNpsyIhr8yyMpTLLxAbkaK8ArIBcmZIRiBLiDhjeqvXolaEmDGmELFuX9I4xDcaKKcJl+TKZLqruBbmWA==}
    engines: {node: '>=8.0.0'}

  humanize-duration@3.33.1:
    resolution: {integrity: sha512-hwzSCymnRdFx9YdRkQQ0OYequXiVAV6ZGQA2uzocwB0F4309Ke6pO8dg0P8LHhRQJyVjGteRTAA/zNfEcpXn8A==}

  json-schema@0.4.0:
    resolution: {integrity: sha512-es94M3nTIfsEPisRafak+HDLfHXnKBhV3vU5eqPcS3flIWqcxJWgXHXiey3YrpaNsanY5ei1VoYEbOzijuq9BA==}

  lit-html@3.3.1:
    resolution: {integrity: sha512-S9hbyDu/vs1qNrithiNyeyv64c9yqiW9l+DBgI18fL+MTvOtWoFR0FWiyq1TxaYef5wNlpEmzlXoBlZEO+WjoA==}

  nanoid@3.3.11:
    resolution: {integrity: sha512-N8SpfPUnUp1bK+PMYW8qSWdl9U+wwNWI4QKxOYDy9JAro3WMX7p2OeVRF9v+347pnakNevPmiHhNmZ2HbFA76w==}
    engines: {node: ^10 || ^12 || ^13.7 || ^14 || >=15.0.1}
    hasBin: true

  picocolors@1.1.1:
    resolution: {integrity: sha512-xceH2snhtb5M9liqDsmEw56le376mTZkEX/jEb/RxNFyegNul7eNslCXP9FDj/Lcu0X8KEyMceP2ntpaHrDEVA==}

  picomatch@4.0.3:
    resolution: {integrity: sha512-5gTmgEY/sqK6gFXLIsQNH19lWb4ebPDLA4SdLP7dsWkIXHWlG66oPuVvXSGFPppYZz8ZDZq0dYYrbHfBCVUb1Q==}
    engines: {node: '>=12'}

  postcss@8.5.6:
    resolution: {integrity: sha512-3Ybi1tAuwAP9s0r1UQ2J4n5Y0G05bJkpUIO0/bI9MhwmD70S5aTWbXGBwxHrelT+XM1k6dM0pk+SwNkpTRN7Pg==}
    engines: {node: ^10 || ^12 || >=14}

  pretty-bytes@7.1.0:
    resolution: {integrity: sha512-nODzvTiYVRGRqAOvE84Vk5JDPyyxsVk0/fbA/bq7RqlnhksGpset09XTxbpvLTIjoaF7K8Z8DG8yHtKGTPSYRw==}
    engines: {node: '>=20'}

  print-js@1.6.0:
    resolution: {integrity: sha512-BfnOIzSKbqGRtO4o0rnj/K3681BSd2QUrsIZy/+WdCIugjIswjmx3lDEZpXB2ruGf9d4b3YNINri81+J0FsBWg==}

  rollup@4.53.1:
    resolution: {integrity: sha512-n2I0V0lN3E9cxxMqBCT3opWOiQBzRN7UG60z/WDKqdX2zHUS/39lezBcsckZFsV6fUTSnfqI7kHf60jDAPGKug==}
    engines: {node: '>=18.0.0', npm: '>=8.0.0'}
    hasBin: true

  sortablejs@1.15.6:
    resolution: {integrity: sha512-aNfiuwMEpfBM/CN6LY0ibyhxPfPbyFeBTYJKCvzkJ2GkUpazIt3H+QIPAMHwqQ7tMKaHz1Qj+rJJCqljnf4p3A==}

  source-map-js@1.2.1:
    resolution: {integrity: sha512-UXWMKhLOwVKb728IUtQPXxfYU+usdybtUrK/8uGE8CQMvrhOpwvzDBwj0QhSL7MQc7vIsISBG8VQ8+IDQxpfQA==}
    engines: {node: '>=0.10.0'}

  standardized-audio-context@25.3.77:
    resolution: {integrity: sha512-Ki9zNz6pKcC5Pi+QPjPyVsD9GwJIJWgryji0XL9cAJXMGyn+dPOf6Qik1AHei0+UNVcc4BOCa0hWLBzlwqsW/A==}

  store2@2.14.4:
    resolution: {integrity: sha512-srTItn1GOvyvOycgxjAnPA63FZNwy0PTyUBFMHRM+hVFltAeoh0LmNBz9SZqUS9mMqGk8rfyWyXn3GH5ReJ8Zw==}

  text-segmentation@1.0.3:
    resolution: {integrity: sha512-iOiPUo/BGnZ6+54OsWxZidGCsdU8YbE4PSpdPinp7DeMtUJNJBoJ/ouUSTJjHkh1KntHaltHl/gDs2FC4i5+Nw==}

  tinyglobby@0.2.15:
    resolution: {integrity: sha512-j2Zq4NyQYG5XMST4cbs02Ak8iJUdxRM0XI5QyxXuZOzKOINmWurp3smXu3y5wDcJrptwpSjgXHzIQxR0omXljQ==}
    engines: {node: '>=12.0.0'}

  tone@15.1.22:
    resolution: {integrity: sha512-TCScAGD4sLsama5DjvTUXlLDXSqPealhL64nsdV1hhr6frPWve0DeSo63AKnSJwgfg55fhvxj0iPPRwPN5o0ag==}

  tslib@2.8.1:
    resolution: {integrity: sha512-oJFu94HQb+KVduSUQL7wnpmqnfmLsOA/nAh6b6EH0wCEoK0/mPeXU6c3wKDV83MkOuHPRHtSXKKU99IBazS/2w==}

  utrie@1.0.2:
    resolution: {integrity: sha512-1MLa5ouZiOmQzUbjbu9VmjLzn1QLXBhwpUa7kdLUQK+KQ5KA9I1vk5U4YHe/X2Ch7PYnJfWuWT+VbuxbGwljhw==}

  validator@13.15.22:
    resolution: {integrity: sha512-uT/YQjiyLJP7HSrv/dPZqK9L28xf8hsNca01HSz1dfmI0DgMfjopp1rO/z13NeGF1tVystF0Ejx3y4rUKPw+bQ==}
    engines: {node: '>= 0.10'}

  vite@7.2.2:
    resolution: {integrity: sha512-BxAKBWmIbrDgrokdGZH1IgkIk/5mMHDreLDmCJ0qpyJaAteP8NvMhkwr/ZCQNqNH97bw/dANTE9PDzqwJghfMQ==}
    engines: {node: ^20.19.0 || >=22.12.0}
    hasBin: true
    peerDependencies:
      '@types/node': ^20.19.0 || >=22.12.0
      jiti: '>=1.21.0'
      less: ^4.0.0
      lightningcss: ^1.21.0
      sass: ^1.70.0
      sass-embedded: ^1.70.0
      stylus: '>=0.54.8'
      sugarss: ^5.0.0
      terser: ^5.16.0
      tsx: ^4.8.1
      yaml: ^2.4.2
    peerDependenciesMeta:
      '@types/node':
        optional: true
      jiti:
        optional: true
      less:
        optional: true
      lightningcss:
        optional: true
      sass:
        optional: true
      sass-embedded:
        optional: true
      stylus:
        optional: true
      sugarss:
        optional: true
      terser:
        optional: true
      tsx:
        optional: true
      yaml:
        optional: true

  zod@4.1.12:
    resolution: {integrity: sha512-JInaHOamG8pt5+Ey8kGmdcAcg3OL9reK8ltczgHTAwNhMys/6ThXHityHxVV2p3fkw/c+MAvBHFVYHFZDmjMCQ==}

snapshots:

  '@ai-sdk/anthropic@2.0.43(zod@4.1.12)':
    dependencies:
      '@ai-sdk/provider': 2.0.0
      '@ai-sdk/provider-utils': 3.0.16(zod@4.1.12)
      zod: 4.1.12

  '@ai-sdk/gateway@2.0.7(zod@4.1.12)':
    dependencies:
      '@ai-sdk/provider': 2.0.0
      '@ai-sdk/provider-utils': 3.0.16(zod@4.1.12)
      '@vercel/oidc': 3.0.3
      zod: 4.1.12

  '@ai-sdk/google@2.0.30(zod@4.1.12)':
    dependencies:
      '@ai-sdk/provider': 2.0.0
      '@ai-sdk/provider-utils': 3.0.16(zod@4.1.12)
      zod: 4.1.12

  '@ai-sdk/openai@2.0.64(zod@4.1.12)':
    dependencies:
      '@ai-sdk/provider': 2.0.0
      '@ai-sdk/provider-utils': 3.0.16(zod@4.1.12)
      zod: 4.1.12

  '@ai-sdk/provider-utils@3.0.16(zod@4.1.12)':
    dependencies:
      '@ai-sdk/provider': 2.0.0
      '@standard-schema/spec': 1.0.0
      eventsource-parser: 3.0.6
      zod: 4.1.12

  '@ai-sdk/provider@2.0.0':
    dependencies:
      json-schema: 0.4.0

  '@babel/runtime@7.28.4': {}

  '@esbuild/aix-ppc64@0.25.12':
    optional: true

  '@esbuild/android-arm64@0.25.12':
    optional: true

  '@esbuild/android-arm@0.25.12':
    optional: true

  '@esbuild/android-x64@0.25.12':
    optional: true

  '@esbuild/darwin-arm64@0.25.12':
    optional: true

  '@esbuild/darwin-x64@0.25.12':
    optional: true

  '@esbuild/freebsd-arm64@0.25.12':
    optional: true

  '@esbuild/freebsd-x64@0.25.12':
    optional: true

  '@esbuild/linux-arm64@0.25.12':
    optional: true

  '@esbuild/linux-arm@0.25.12':
    optional: true

  '@esbuild/linux-ia32@0.25.12':
    optional: true

  '@esbuild/linux-loong64@0.25.12':
    optional: true

  '@esbuild/linux-mips64el@0.25.12':
    optional: true

  '@esbuild/linux-ppc64@0.25.12':
    optional: true

  '@esbuild/linux-riscv64@0.25.12':
    optional: true

  '@esbuild/linux-s390x@0.25.12':
    optional: true

  '@esbuild/linux-x64@0.25.12':
    optional: true

  '@esbuild/netbsd-arm64@0.25.12':
    optional: true

  '@esbuild/netbsd-x64@0.25.12':
    optional: true

  '@esbuild/openbsd-arm64@0.25.12':
    optional: true

  '@esbuild/openbsd-x64@0.25.12':
    optional: true

  '@esbuild/openharmony-arm64@0.25.12':
    optional: true

  '@esbuild/sunos-x64@0.25.12':
    optional: true

  '@esbuild/win32-arm64@0.25.12':
    optional: true

  '@esbuild/win32-ia32@0.25.12':
    optional: true

  '@esbuild/win32-x64@0.25.12':
    optional: true

  '@opentelemetry/api@1.9.0': {}

  '@phosphor-icons/web@2.1.2': {}

  '@rollup/rollup-android-arm-eabi@4.53.1':
    optional: true

  '@rollup/rollup-android-arm64@4.53.1':
    optional: true

  '@rollup/rollup-darwin-arm64@4.53.1':
    optional: true

  '@rollup/rollup-darwin-x64@4.53.1':
    optional: true

  '@rollup/rollup-freebsd-arm64@4.53.1':
    optional: true

  '@rollup/rollup-freebsd-x64@4.53.1':
    optional: true

  '@rollup/rollup-linux-arm-gnueabihf@4.53.1':
    optional: true

  '@rollup/rollup-linux-arm-musleabihf@4.53.1':
    optional: true

  '@rollup/rollup-linux-arm64-gnu@4.53.1':
    optional: true

  '@rollup/rollup-linux-arm64-musl@4.53.1':
    optional: true

  '@rollup/rollup-linux-loong64-gnu@4.53.1':
    optional: true

  '@rollup/rollup-linux-ppc64-gnu@4.53.1':
    optional: true

  '@rollup/rollup-linux-riscv64-gnu@4.53.1':
    optional: true

  '@rollup/rollup-linux-riscv64-musl@4.53.1':
    optional: true

  '@rollup/rollup-linux-s390x-gnu@4.53.1':
    optional: true

  '@rollup/rollup-linux-x64-gnu@4.53.1':
    optional: true

  '@rollup/rollup-linux-x64-musl@4.53.1':
    optional: true

  '@rollup/rollup-openharmony-arm64@4.53.1':
    optional: true

  '@rollup/rollup-win32-arm64-msvc@4.53.1':
    optional: true

  '@rollup/rollup-win32-ia32-msvc@4.53.1':
    optional: true

  '@rollup/rollup-win32-x64-gnu@4.53.1':
    optional: true

  '@rollup/rollup-win32-x64-msvc@4.53.1':
    optional: true

  '@standard-schema/spec@1.0.0': {}

  '@svgdotjs/svg.draggable.js@3.0.6(@svgdotjs/svg.js@3.2.5)':
    dependencies:
      '@svgdotjs/svg.js': 3.2.5

  '@svgdotjs/svg.filter.js@3.0.9':
    dependencies:
      '@svgdotjs/svg.js': 3.2.5

  '@svgdotjs/svg.js@3.2.5': {}

  '@svgdotjs/svg.resize.js@2.0.5(@svgdotjs/svg.js@3.2.5)(@svgdotjs/svg.select.js@4.0.3(@svgdotjs/svg.js@3.2.5))':
    dependencies:
      '@svgdotjs/svg.js': 3.2.5
      '@svgdotjs/svg.select.js': 4.0.3(@svgdotjs/svg.js@3.2.5)

  '@svgdotjs/svg.select.js@4.0.3(@svgdotjs/svg.js@3.2.5)':
    dependencies:
      '@svgdotjs/svg.js': 3.2.5

  '@tauri-apps/api@2.9.0': {}

  '@tauri-apps/cli-darwin-arm64@2.9.4':
    optional: true

  '@tauri-apps/cli-darwin-x64@2.9.4':
    optional: true

  '@tauri-apps/cli-linux-arm-gnueabihf@2.9.4':
    optional: true

  '@tauri-apps/cli-linux-arm64-gnu@2.9.4':
    optional: true

  '@tauri-apps/cli-linux-arm64-musl@2.9.4':
    optional: true

  '@tauri-apps/cli-linux-riscv64-gnu@2.9.4':
    optional: true

  '@tauri-apps/cli-linux-x64-gnu@2.9.4':
    optional: true

  '@tauri-apps/cli-linux-x64-musl@2.9.4':
    optional: true

  '@tauri-apps/cli-win32-arm64-msvc@2.9.4':
    optional: true

  '@tauri-apps/cli-win32-ia32-msvc@2.9.4':
    optional: true

  '@tauri-apps/cli-win32-x64-msvc@2.9.4':
    optional: true

  '@tauri-apps/cli@2.9.4':
    optionalDependencies:
      '@tauri-apps/cli-darwin-arm64': 2.9.4
      '@tauri-apps/cli-darwin-x64': 2.9.4
      '@tauri-apps/cli-linux-arm-gnueabihf': 2.9.4
      '@tauri-apps/cli-linux-arm64-gnu': 2.9.4
      '@tauri-apps/cli-linux-arm64-musl': 2.9.4
      '@tauri-apps/cli-linux-riscv64-gnu': 2.9.4
      '@tauri-apps/cli-linux-x64-gnu': 2.9.4
      '@tauri-apps/cli-linux-x64-musl': 2.9.4
      '@tauri-apps/cli-win32-arm64-msvc': 2.9.4
      '@tauri-apps/cli-win32-ia32-msvc': 2.9.4
      '@tauri-apps/cli-win32-x64-msvc': 2.9.4

  '@tauri-apps/plugin-dialog@2.4.2':
    dependencies:
      '@tauri-apps/api': 2.9.0

  '@tauri-apps/plugin-notification@2.3.3':
    dependencies:
      '@tauri-apps/api': 2.9.0

  '@tauri-apps/plugin-shell@2.3.3':
    dependencies:
      '@tauri-apps/api': 2.9.0

  '@types/estree@1.0.8': {}

  '@types/trusted-types@2.0.7': {}

  '@vercel/oidc@3.0.3': {}

  '@yr/monotone-cubic-spline@1.0.3': {}

  ai@5.0.90(zod@4.1.12):
    dependencies:
      '@ai-sdk/gateway': 2.0.7(zod@4.1.12)
      '@ai-sdk/provider': 2.0.0
      '@ai-sdk/provider-utils': 3.0.16(zod@4.1.12)
      '@opentelemetry/api': 1.9.0
      zod: 4.1.12

  apexcharts@5.3.6:
    dependencies:
      '@svgdotjs/svg.draggable.js': 3.0.6(@svgdotjs/svg.js@3.2.5)
      '@svgdotjs/svg.filter.js': 3.0.9
      '@svgdotjs/svg.js': 3.2.5
      '@svgdotjs/svg.resize.js': 2.0.5(@svgdotjs/svg.js@3.2.5)(@svgdotjs/svg.select.js@4.0.3(@svgdotjs/svg.js@3.2.5))
      '@svgdotjs/svg.select.js': 4.0.3(@svgdotjs/svg.js@3.2.5)
      '@yr/monotone-cubic-spline': 1.0.3

  automation-events@7.1.13:
    dependencies:
      '@babel/runtime': 7.28.4
      tslib: 2.8.1

  base64-arraybuffer@1.0.2: {}

  css-line-break@2.1.0:
    dependencies:
      utrie: 1.0.2

  esbuild@0.25.12:
    optionalDependencies:
      '@esbuild/aix-ppc64': 0.25.12
      '@esbuild/android-arm': 0.25.12
      '@esbuild/android-arm64': 0.25.12
      '@esbuild/android-x64': 0.25.12
      '@esbuild/darwin-arm64': 0.25.12
      '@esbuild/darwin-x64': 0.25.12
      '@esbuild/freebsd-arm64': 0.25.12
      '@esbuild/freebsd-x64': 0.25.12
      '@esbuild/linux-arm': 0.25.12
      '@esbuild/linux-arm64': 0.25.12
      '@esbuild/linux-ia32': 0.25.12
      '@esbuild/linux-loong64': 0.25.12
      '@esbuild/linux-mips64el': 0.25.12
      '@esbuild/linux-ppc64': 0.25.12
      '@esbuild/linux-riscv64': 0.25.12
      '@esbuild/linux-s390x': 0.25.12
      '@esbuild/linux-x64': 0.25.12
      '@esbuild/netbsd-arm64': 0.25.12
      '@esbuild/netbsd-x64': 0.25.12
      '@esbuild/openbsd-arm64': 0.25.12
      '@esbuild/openbsd-x64': 0.25.12
      '@esbuild/openharmony-arm64': 0.25.12
      '@esbuild/sunos-x64': 0.25.12
      '@esbuild/win32-arm64': 0.25.12
      '@esbuild/win32-ia32': 0.25.12
      '@esbuild/win32-x64': 0.25.12

  escape-html@1.0.3: {}

  eventsource-parser@3.0.6: {}

  fdir@6.5.0(picomatch@4.0.3):
    optionalDependencies:
      picomatch: 4.0.3

  fsevents@2.3.3:
    optional: true

  fuse.js@7.1.0: {}

  highlight.js@11.11.1: {}

  html2canvas@1.4.1:
    dependencies:
      css-line-break: 2.1.0
      text-segmentation: 1.0.3

  humanize-duration@3.33.1: {}

  json-schema@0.4.0: {}

  lit-html@3.3.1:
    dependencies:
      '@types/trusted-types': 2.0.7

  nanoid@3.3.11: {}

  picocolors@1.1.1: {}

  picomatch@4.0.3: {}

  postcss@8.5.6:
    dependencies:
      nanoid: 3.3.11
      picocolors: 1.1.1
      source-map-js: 1.2.1

  pretty-bytes@7.1.0: {}

  print-js@1.6.0: {}

  rollup@4.53.1:
    dependencies:
      '@types/estree': 1.0.8
    optionalDependencies:
      '@rollup/rollup-android-arm-eabi': 4.53.1
      '@rollup/rollup-android-arm64': 4.53.1
      '@rollup/rollup-darwin-arm64': 4.53.1
      '@rollup/rollup-darwin-x64': 4.53.1
      '@rollup/rollup-freebsd-arm64': 4.53.1
      '@rollup/rollup-freebsd-x64': 4.53.1
      '@rollup/rollup-linux-arm-gnueabihf': 4.53.1
      '@rollup/rollup-linux-arm-musleabihf': 4.53.1
      '@rollup/rollup-linux-arm64-gnu': 4.53.1
      '@rollup/rollup-linux-arm64-musl': 4.53.1
      '@rollup/rollup-linux-loong64-gnu': 4.53.1
      '@rollup/rollup-linux-ppc64-gnu': 4.53.1
      '@rollup/rollup-linux-riscv64-gnu': 4.53.1
      '@rollup/rollup-linux-riscv64-musl': 4.53.1
      '@rollup/rollup-linux-s390x-gnu': 4.53.1
      '@rollup/rollup-linux-x64-gnu': 4.53.1
      '@rollup/rollup-linux-x64-musl': 4.53.1
      '@rollup/rollup-openharmony-arm64': 4.53.1
      '@rollup/rollup-win32-arm64-msvc': 4.53.1
      '@rollup/rollup-win32-ia32-msvc': 4.53.1
      '@rollup/rollup-win32-x64-gnu': 4.53.1
      '@rollup/rollup-win32-x64-msvc': 4.53.1
      fsevents: 2.3.3

  sortablejs@1.15.6: {}

  source-map-js@1.2.1: {}

  standardized-audio-context@25.3.77:
    dependencies:
      '@babel/runtime': 7.28.4
      automation-events: 7.1.13
      tslib: 2.8.1

  store2@2.14.4: {}

  text-segmentation@1.0.3:
    dependencies:
      utrie: 1.0.2

  tinyglobby@0.2.15:
    dependencies:
      fdir: 6.5.0(picomatch@4.0.3)
      picomatch: 4.0.3

  tone@15.1.22:
    dependencies:
      standardized-audio-context: 25.3.77
      tslib: 2.8.1

  tslib@2.8.1: {}

  utrie@1.0.2:
    dependencies:
      base64-arraybuffer: 1.0.2

  validator@13.15.22: {}

  vite@7.2.2:
    dependencies:
      esbuild: 0.25.12
      fdir: 6.5.0(picomatch@4.0.3)
      picomatch: 4.0.3
      postcss: 8.5.6
      rollup: 4.53.1
      tinyglobby: 0.2.15
    optionalDependencies:
      fsevents: 2.3.3

  zod@4.1.12: {}
